
Microsoft Visual Studio Solution File, Format Version 12.00
# Visual Studio 15
VisualStudioVersion = 15.0.28307.1340
MinimumVisualStudioVersion = 10.0.40219.1
Project("{FAE04EC0-301F-11D3-BF4B-00C04F79EFBC}") = "TalkingClockService", "TalkingClockService\TalkingClockService.csproj", "{EEFE0D9A-C6EA-4595-AE0C-106F0FA43D7B}"
EndProject
Project("{FAE04EC0-301F-11D3-BF4B-00C04F79EFBC}") = "HumanFriendlyClock", "HumanFriendlyClock\HumanFriendlyClock.csproj", "{6A770F23-3CD0-4474-8B91-34ECE3D5C21A}"
EndProject
Project("{FAE04EC0-301F-11D3-BF4B-00C04F79EFBC}") = "TalkingClockApp", "TalkingClockApp\TalkingClockApp.csproj", "{EB893AB6-9619-48D4-9821-629CD3BE3548}"
EndProject
Global
	GlobalSection(SolutionConfigurationPlatforms) = preSolution
		Debug|Any CPU = Debug|Any CPU
		Release|Any CPU = Release|Any CPU
	EndGlobalSection
	GlobalSection(ProjectConfigurationPlatforms) = postSolution
		{EEFE0D9A-C6EA-4595-AE0C-106F0FA43D7B}.Debug|Any CPU.ActiveCfg = Debug|Any CPU
		{EEFE0D9A-C6EA-4595-AE0C-106F0FA43D7B}.Debug|Any CPU.Build.0 = Debug|Any CPU
		{EEFE0D9A-C6EA-4595-AE0C-106F0FA43D7B}.Release|Any CPU.ActiveCfg = Release|Any CPU
		{EEFE0D9A-C6EA-4595-AE0C-106F0FA43D7B}.Release|Any CPU.Build.0 = Release|Any CPU
		{6A770F23-3CD0-4474-8B91-34ECE3D5C21A}.Debug|Any CPU.ActiveCfg = Debug|Any CPU
		{6A770F23-3CD0-4474-8B91-34ECE3D5C21A}.Debug|Any CPU.Build.0 = Debug|Any CPU
		{6A770F23-3CD0-4474-8B91-34ECE3D5C21A}.Release|Any CPU.ActiveCfg = Release|Any CPU
		{6A770F23-3CD0-4474-8B91-34ECE3D5C21A}.Release|Any CPU.Build.0 = Release|Any CPU
		{EB893AB6-9619-48D4-9821-629CD3BE3548}.Debug|Any CPU.ActiveCfg = Debug|Any CPU
		{EB893AB6-9619-48D4-9821-629CD3BE3548}.Debug|Any CPU.Build.0 = Debug|Any CPU
		{EB893AB6-9619-48D4-9821-629CD3BE3548}.Release|Any CPU.ActiveCfg = Release|Any CPU
		{EB893AB6-9619-48D4-9821-629CD3BE3548}.Release|Any CPU.Build.0 = Release|Any CPU
	EndGlobalSection
	GlobalSection(SolutionProperties) = preSolution
		HideSolutionNode = FALSE
	EndGlobalSection
	GlobalSection(ExtensibilityGlobals) = postSolution
		SolutionGuid = {61FD954B-C88A-44A7-A5F6-2AE3C96326E4}
	EndGlobalSection
EndGlobal
